
Microsoft Visual Studio Solution File, Format Version 12.00
# Visual Studio Version 17
VisualStudioVersion = 17.6.33815.320
MinimumVisualStudioVersion = 10.0.40219.1
Project("{9A19103F-16F7-4668-BE54-9A1E7A4F7556}") = "Modul 5 - Методы в C#", "Modul 5 - Методы в C#\Modul 5 - Методы в C#.csproj", "{5E6AC891-6EAC-4FCF-A6DE-204DAB912E86}"
EndProject
Project("{9A19103F-16F7-4668-BE54-9A1E7A4F7556}") = "Методы.Начало", "Методы.Начало\Методы.Начало.csproj", "{8F2A5A4D-46C9-454D-9453-A85707FA6C70}"
EndProject
Project("{9A19103F-16F7-4668-BE54-9A1E7A4F7556}") = "Метод с вводом информации в масив и его сортировка", "Метод с вводом информации в масив и его сортировка\Метод с вводом информации в масив и его сортировка.csproj", "{3EE960B5-A0E8-4735-96B3-45D63766EBF1}"
EndProject
Project("{9A19103F-16F7-4668-BE54-9A1E7A4F7556}") = "Metod Next move", "Metod Next move\Metod Next move.csproj", "{A9A40384-4B7D-42AA-90FA-F7F1B21832F8}"
EndProject
Project("{9A19103F-16F7-4668-BE54-9A1E7A4F7556}") = "Metod Next move number 2", "Metod Next move number 2\Metod Next move number 2.csproj", "{4D74188D-1B8C-489C-804D-A07BD4A17E2C}"
EndProject
Project("{9A19103F-16F7-4668-BE54-9A1E7A4F7556}") = "area visibility", "area visibility\area visibility.csproj", "{72BE48AD-2EBB-410B-9EEB-5DC3F2BC5C0F}"
EndProject
Project("{FAE04EC0-301F-11D3-BF4B-00C04F79EFBC}") = "Rekursies)", "Rekursies)\Rekursies).csproj", "{690E9B0B-C3C5-4E53-BB00-3E92EB718D0C}"
EndProject
Global
	GlobalSection(SolutionConfigurationPlatforms) = preSolution
		Debug|Any CPU = Debug|Any CPU
		Release|Any CPU = Release|Any CPU
	EndGlobalSection
	GlobalSection(ProjectConfigurationPlatforms) = postSolution
		{5E6AC891-6EAC-4FCF-A6DE-204DAB912E86}.Debug|Any CPU.ActiveCfg = Debug|Any CPU
		{5E6AC891-6EAC-4FCF-A6DE-204DAB912E86}.Debug|Any CPU.Build.0 = Debug|Any CPU
		{5E6AC891-6EAC-4FCF-A6DE-204DAB912E86}.Release|Any CPU.ActiveCfg = Release|Any CPU
		{5E6AC891-6EAC-4FCF-A6DE-204DAB912E86}.Release|Any CPU.Build.0 = Release|Any CPU
		{8F2A5A4D-46C9-454D-9453-A85707FA6C70}.Debug|Any CPU.ActiveCfg = Debug|Any CPU
		{8F2A5A4D-46C9-454D-9453-A85707FA6C70}.Debug|Any CPU.Build.0 = Debug|Any CPU
		{8F2A5A4D-46C9-454D-9453-A85707FA6C70}.Release|Any CPU.ActiveCfg = Release|Any CPU
		{8F2A5A4D-46C9-454D-9453-A85707FA6C70}.Release|Any CPU.Build.0 = Release|Any CPU
		{3EE960B5-A0E8-4735-96B3-45D63766EBF1}.Debug|Any CPU.ActiveCfg = Debug|Any CPU
		{3EE960B5-A0E8-4735-96B3-45D63766EBF1}.Debug|Any CPU.Build.0 = Debug|Any CPU
		{3EE960B5-A0E8-4735-96B3-45D63766EBF1}.Release|Any CPU.ActiveCfg = Release|Any CPU
		{3EE960B5-A0E8-4735-96B3-45D63766EBF1}.Release|Any CPU.Build.0 = Release|Any CPU
		{A9A40384-4B7D-42AA-90FA-F7F1B21832F8}.Debug|Any CPU.ActiveCfg = Debug|Any CPU
		{A9A40384-4B7D-42AA-90FA-F7F1B21832F8}.Debug|Any CPU.Build.0 = Debug|Any CPU
		{A9A40384-4B7D-42AA-90FA-F7F1B21832F8}.Release|Any CPU.ActiveCfg = Release|Any CPU
		{A9A40384-4B7D-42AA-90FA-F7F1B21832F8}.Release|Any CPU.Build.0 = Release|Any CPU
		{4D74188D-1B8C-489C-804D-A07BD4A17E2C}.Debug|Any CPU.ActiveCfg = Debug|Any CPU
		{4D74188D-1B8C-489C-804D-A07BD4A17E2C}.Debug|Any CPU.Build.0 = Debug|Any CPU
		{4D74188D-1B8C-489C-804D-A07BD4A17E2C}.Release|Any CPU.ActiveCfg = Release|Any CPU
		{4D74188D-1B8C-489C-804D-A07BD4A17E2C}.Release|Any CPU.Build.0 = Release|Any CPU
		{72BE48AD-2EBB-410B-9EEB-5DC3F2BC5C0F}.Debug|Any CPU.ActiveCfg = Debug|Any CPU
		{72BE48AD-2EBB-410B-9EEB-5DC3F2BC5C0F}.Debug|Any CPU.Build.0 = Debug|Any CPU
		{72BE48AD-2EBB-410B-9EEB-5DC3F2BC5C0F}.Release|Any CPU.ActiveCfg = Release|Any CPU
		{72BE48AD-2EBB-410B-9EEB-5DC3F2BC5C0F}.Release|Any CPU.Build.0 = Release|Any CPU
		{690E9B0B-C3C5-4E53-BB00-3E92EB718D0C}.Debug|Any CPU.ActiveCfg = Debug|Any CPU
		{690E9B0B-C3C5-4E53-BB00-3E92EB718D0C}.Debug|Any CPU.Build.0 = Debug|Any CPU
		{690E9B0B-C3C5-4E53-BB00-3E92EB718D0C}.Release|Any CPU.ActiveCfg = Release|Any CPU
		{690E9B0B-C3C5-4E53-BB00-3E92EB718D0C}.Release|Any CPU.Build.0 = Release|Any CPU
	EndGlobalSection
	GlobalSection(SolutionProperties) = preSolution
		HideSolutionNode = FALSE
	EndGlobalSection
	GlobalSection(ExtensibilityGlobals) = postSolution
		SolutionGuid = {F912A2A3-9293-4B91-9DE0-CA9EA200902D}
	EndGlobalSection
EndGlobal
